<?xml version="1.0" encoding="utf-8"?>
<Project ToolsVersion="4.0" xmlns="http://schemas.microsoft.com/developer/msbuild/2003">
  <ItemGroup>
    <Filter Include="Source Files">
      <UniqueIdentifier>{4FC737F1-C7A5-4376-A066-2A32D752A2FF}</UniqueIdentifier>
      <Extensions>cpp;c;cc;cxx;c++;cppm;ixx;def;odl;idl;hpj;bat;asm;asmx</Extensions>
    </Filter>
    <Filter Include="Header Files">
      <UniqueIdentifier>{93995380-89BD-4b04-88EB-625FBE52EBFB}</UniqueIdentifier>
      <Extensions>h;hh;hpp;hxx;h++;hm;inl;inc;ipp;xsd</Extensions>
    </Filter>
    <Filter Include="Resource Files">
      <UniqueIdentifier>{67DA6AB6-F800-4c08-8B7A-83BB121AAD01}</UniqueIdentifier>
      <Extensions>rc;ico;cur;bmp;dlg;rc2;rct;bin;rgs;gif;jpg;jpeg;jpe;resx;tiff;tif;png;wav;mfcribbon-ms</Extensions>
    </Filter>
    <Filter Include="GL">
      <UniqueIdentifier>{35487ad4-ff75-4375-87ec-7965673850e8}</UniqueIdentifier>
    </Filter>
    <Filter Include="Resources">
      <UniqueIdentifier>{2a30627b-9252-43e2-bc48-14ebfe53988a}</UniqueIdentifier>
    </Filter>
    <Filter Include="Detail">
      <UniqueIdentifier>{31b1e07e-9e3f-4183-9a19-3aeba5046cf0}</UniqueIdentifier>
    </Filter>
    <Filter Include="GeometryBase">
      <UniqueIdentifier>{12a12d83-767f-47b9-bee8-564950f5c3d5}</UniqueIdentifier>
    </Filter>
    <Filter Include="Color">
      <UniqueIdentifier>{e95225b5-8474-4128-82ea-66e4312bc85f}</UniqueIdentifier>
    </Filter>
  </ItemGroup>
  <ItemGroup>
    <ClInclude Include="framework.h">
      <Filter>Header Files</Filter>
    </ClInclude>
    <ClInclude Include="pch.h">
      <Filter>Header Files</Filter>
    </ClInclude>
    <ClInclude Include="Include.h">
      <Filter>Header Files</Filter>
    </ClInclude>
    <ClInclude Include="GPolygon.h">
      <Filter>GL</Filter>
    </ClInclude>
    <ClInclude Include="GPoint.h">
      <Filter>GL</Filter>
    </ClInclude>
    <ClInclude Include="GIndexArrayObject.h">
      <Filter>GL</Filter>
    </ClInclude>
    <ClInclude Include="GCContext.h">
      <Filter>GL</Filter>
    </ClInclude>
    <ClInclude Include="Graphic.h">
      <Filter>GL</Filter>
    </ClInclude>
    <ClInclude Include="GVertexArray.h">
      <Filter>GL</Filter>
    </ClInclude>
    <ClInclude Include="GVertexBufferObject.h">
      <Filter>GL</Filter>
    </ClInclude>
    <ClInclude Include="Logger.h">
      <Filter>Resources</Filter>
    </ClInclude>
    <ClInclude Include="ResourceManager.h">
      <Filter>Resources</Filter>
    </ClInclude>
    <ClInclude Include="ShaderProgram.h">
      <Filter>Resources</Filter>
    </ClInclude>
    <ClInclude Include="GMathematic.h">
      <Filter>Detail</Filter>
    </ClInclude>
    <ClInclude Include="def_gl_object.h">
      <Filter>Detail</Filter>
    </ClInclude>
    <ClInclude Include="usings.h">
      <Filter>Header Files</Filter>
    </ClInclude>
    <ClInclude Include="ge_validation.h">
      <Filter>Detail</Filter>
    </ClInclude>
    <ClInclude Include="ge_utils.h">
      <Filter>Detail</Filter>
    </ClInclude>
    <ClInclude Include="GBoundingBox.h">
      <Filter>GL</Filter>
    </ClInclude>
    <ClInclude Include="ge_vec.h">
      <Filter>GeometryBase</Filter>
    </ClInclude>
    <ClInclude Include="ge_color.h">
      <Filter>Color</Filter>
    </ClInclude>
    <ClInclude Include="Circle.h">
      <Filter>GeometryBase</Filter>
    </ClInclude>
    <ClInclude Include="Arc.h">
      <Filter>GeometryBase</Filter>
    </ClInclude>
    <ClInclude Include="Line.h">
      <Filter>GeometryBase</Filter>
    </ClInclude>
    <ClInclude Include="GLine.h">
      <Filter>GL</Filter>
    </ClInclude>
    <ClInclude Include="GCircle.h">
      <Filter>Header Files</Filter>
    </ClInclude>
    <ClInclude Include="GSpace.h">
      <Filter>GL</Filter>
    </ClInclude>
  </ItemGroup>
  <ItemGroup>
    <ClCompile Include="pch.cpp">
      <Filter>Source Files</Filter>
    </ClCompile>
    <ClCompile Include="GVertexBufferObject.cpp">
      <Filter>GL</Filter>
    </ClCompile>
    <ClCompile Include="GVertexArray.cpp">
      <Filter>GL</Filter>
    </ClCompile>
    <ClCompile Include="Graphic.cpp">
      <Filter>GL</Filter>
    </ClCompile>
    <ClCompile Include="GPolygon.cpp">
      <Filter>GL</Filter>
    </ClCompile>
    <ClCompile Include="GPoint.cpp">
      <Filter>GL</Filter>
    </ClCompile>
    <ClCompile Include="GIndexArrayObject.cpp">
      <Filter>GL</Filter>
    </ClCompile>
    <ClCompile Include="GCContext.cpp">
      <Filter>GL</Filter>
    </ClCompile>
    <ClCompile Include="Logger.cpp">
      <Filter>Resources</Filter>
    </ClCompile>
    <ClCompile Include="ResourceManager.cpp">
      <Filter>Resources</Filter>
    </ClCompile>
    <ClCompile Include="ShaderProgram.cpp">
      <Filter>Resources</Filter>
    </ClCompile>
    <ClCompile Include="GMathematic.cpp">
      <Filter>Detail</Filter>
    </ClCompile>
    <ClCompile Include="ge_validation.cpp">
      <Filter>Detail</Filter>
    </ClCompile>
    <ClCompile Include="ge_utils.cpp">
      <Filter>Detail</Filter>
    </ClCompile>
    <ClCompile Include="GBoundingBox.cpp">
      <Filter>GL</Filter>
    </ClCompile>
    <ClCompile Include="ge_vec.cpp">
      <Filter>GeometryBase</Filter>
    </ClCompile>
    <ClCompile Include="Circle.cpp">
      <Filter>GeometryBase</Filter>
    </ClCompile>
    <ClCompile Include="Arc.cpp">
      <Filter>GeometryBase</Filter>
    </ClCompile>
    <ClCompile Include="Line.cpp">
      <Filter>GeometryBase</Filter>
    </ClCompile>
    <ClCompile Include="GLine.cpp">
      <Filter>GL</Filter>
    </ClCompile>
    <ClCompile Include="GCircle.cpp">
      <Filter>Source Files</Filter>
    </ClCompile>
    <ClCompile Include="ge_color.cpp">
      <Filter>Color</Filter>
    </ClCompile>
    <ClCompile Include="GSpace.cpp">
      <Filter>Source Files</Filter>
    </ClCompile>
  </ItemGroup>
</Project>